
Microsoft Visual Studio Solution File, Format Version 12.00
# Visual Studio Version 17
VisualStudioVersion = 17.9.34616.47
MinimumVisualStudioVersion = 10.0.40219.1
Project("{FAE04EC0-301F-11D3-BF4B-00C04F79EFBC}") = "GestionaleDipXml", "GestionaleDipXml\GestionaleDipXml.csproj", "{266BF02B-0506-4780-A4DE-803CAF83A0F6}"
EndProject
Global
	GlobalSection(SolutionConfigurationPlatforms) = preSolution
		Debug|Any CPU = Debug|Any CPU
		Release|Any CPU = Release|Any CPU
	EndGlobalSection
	GlobalSection(ProjectConfigurationPlatforms) = postSolution
		{266BF02B-0506-4780-A4DE-803CAF83A0F6}.Debug|Any CPU.ActiveCfg = Debug|Any CPU
		{266BF02B-0506-4780-A4DE-803CAF83A0F6}.Debug|Any CPU.Build.0 = Debug|Any CPU
		{266BF02B-0506-4780-A4DE-803CAF83A0F6}.Release|Any CPU.ActiveCfg = Release|Any CPU
		{266BF02B-0506-4780-A4DE-803CAF83A0F6}.Release|Any CPU.Build.0 = Release|Any CPU
	EndGlobalSection
	GlobalSection(SolutionProperties) = preSolution
		HideSolutionNode = FALSE
	EndGlobalSection
	GlobalSection(ExtensibilityGlobals) = postSolution
		SolutionGuid = {216DBD6E-01DC-4106-B37C-5D4160BA86BA}
	EndGlobalSection
EndGlobal
